Microsoft Visual Studio Solution File, Format Version 8.00
Project("{8BC9CEB8-8B4A-11D0-8D11-00A0C91BC942}") = "generate_test_IRs", "generate_test_IRs\generate_test_IRs.vcproj", "{9382F6C1-126D-46A8-B0F5-4BBD0E08602F}"
	ProjectSection(ProjectDependencies) = postProject
	EndProjectSection
EndProject
Project("{8BC9CEB8-8B4A-11D0-8D11-00A0C91BC942}") = "comparewavs", "comparewavs\comparewavs.vcproj", "{27FA09AC-9D9D-4474-BB9A-5F2C8E0D1860}"
	ProjectSection(ProjectDependencies) = postProject
	EndProjectSection
EndProject
Project("{8BC9CEB8-8B4A-11D0-8D11-00A0C91BC942}") = "convolverWMP", "convolverWMP\convolverWMP.vcproj", "{514A2F25-7B25-4B3E-BA0E-D16F92C367AB}"
	ProjectSection(ProjectDependencies) = postProject
	EndProjectSection
EndProject
Project("{54435603-DBB4-11D2-8724-00A0C9A8B90C}") = "Setup", "Setup\Setup.vdproj", "{F1B6A301-8DCE-432E-831A-95F7BF4BA1DF}"
	ProjectSection(ProjectDependencies) = postProject
	EndProjectSection
EndProject
Project("{8BC9CEB8-8B4A-11D0-8D11-00A0C91BC942}") = "convolverCMD", "convolverCMD\convolverCMD.vcproj", "{96DC6ADC-8C9C-459E-B54D-5D0BA731EF13}"
	ProjectSection(ProjectDependencies) = postProject
	EndProjectSection
EndProject
Global
	GlobalSection(SolutionConfiguration) = preSolution
		Debug = Debug
		Release = Release
		Description = Convolution
	EndGlobalSection
	GlobalSection(ProjectConfiguration) = postSolution
		{9382F6C1-126D-46A8-B0F5-4BBD0E08602F}.Debug.ActiveCfg = Debug|Win32
		{9382F6C1-126D-46A8-B0F5-4BBD0E08602F}.Release.ActiveCfg = Release|Win32
		{9382F6C1-126D-46A8-B0F5-4BBD0E08602F}.Release.Build.0 = Release|Win32
		{27FA09AC-9D9D-4474-BB9A-5F2C8E0D1860}.Debug.ActiveCfg = Debug|Win32
		{27FA09AC-9D9D-4474-BB9A-5F2C8E0D1860}.Release.ActiveCfg = Release|Win32
		{27FA09AC-9D9D-4474-BB9A-5F2C8E0D1860}.Release.Build.0 = Release|Win32
		{514A2F25-7B25-4B3E-BA0E-D16F92C367AB}.Debug.ActiveCfg = Debug|Win32
		{514A2F25-7B25-4B3E-BA0E-D16F92C367AB}.Debug.Build.0 = Debug|Win32
		{514A2F25-7B25-4B3E-BA0E-D16F92C367AB}.Release.ActiveCfg = Release|Win32
		{514A2F25-7B25-4B3E-BA0E-D16F92C367AB}.Release.Build.0 = Release|Win32
		{F1B6A301-8DCE-432E-831A-95F7BF4BA1DF}.Debug.ActiveCfg = Debug
		{F1B6A301-8DCE-432E-831A-95F7BF4BA1DF}.Release.ActiveCfg = Release
		{96DC6ADC-8C9C-459E-B54D-5D0BA731EF13}.Debug.ActiveCfg = Debug|Win32
		{96DC6ADC-8C9C-459E-B54D-5D0BA731EF13}.Debug.Build.0 = Debug|Win32
		{96DC6ADC-8C9C-459E-B54D-5D0BA731EF13}.Release.ActiveCfg = Release|Win32
		{96DC6ADC-8C9C-459E-B54D-5D0BA731EF13}.Release.Build.0 = Release|Win32
	EndGlobalSection
	GlobalSection(ExtensibilityGlobals) = postSolution
	EndGlobalSection
	GlobalSection(ExtensibilityAddIns) = postSolution
	EndGlobalSection
EndGlobal
