Microsoft Visual Studio Solution File, Format Version 8.00
Project("{EAF909A5-FA59-4C3D-9431-0FCC20D5BCF9}") = "generate_dirac_delta", "generate_test_IRs\generate_test_IRs.icproj", "{AD487201-9DDE-4D2D-8F54-1D6068BFD46D}"
	ProjectSection(ProjectDependencies) = postProject
	EndProjectSection
EndProject
Project("{EAF909A5-FA59-4C3D-9431-0FCC20D5BCF9}") = "comparewavs", "comparewavs\comparewavs.icproj", "{CD3D2C95-3738-4F1B-97E0-BA2F7FE9C08C}"
	ProjectSection(ProjectDependencies) = postProject
	EndProjectSection
EndProject
Project("{EAF909A5-FA59-4C3D-9431-0FCC20D5BCF9}") = "convolverWMP", "convolverWMP\convolverWMP.icproj", "{2CDCCB55-D6AC-47A9-BE1C-F2DED881C377}"
	ProjectSection(ProjectDependencies) = postProject
		{02F5A740-425D-4D96-A663-F80004D24578} = {02F5A740-425D-4D96-A663-F80004D24578}
		{DD54594B-63F7-4465-8514-F0FFD795D113} = {DD54594B-63F7-4465-8514-F0FFD795D113}
	EndProjectSection
EndProject
Project("{EAF909A5-FA59-4C3D-9431-0FCC20D5BCF9}") = "convolverCMD", "convolverCMD\convolverCMD.icproj", "{5690C71F-6669-47C7-A2CA-5DC60EC2673E}"
	ProjectSection(ProjectDependencies) = postProject
		{02F5A740-425D-4D96-A663-F80004D24578} = {02F5A740-425D-4D96-A663-F80004D24578}
		{DD54594B-63F7-4465-8514-F0FFD795D113} = {DD54594B-63F7-4465-8514-F0FFD795D113}
	EndProjectSection
EndProject
Project("{EAF909A5-FA59-4C3D-9431-0FCC20D5BCF9}") = "perftest", "perftest\perftest.icproj", "{C3EDA35D-7BA3-4B6F-A699-667B2F7993CE}"
	ProjectSection(ProjectDependencies) = postProject
		{02F5A740-425D-4D96-A663-F80004D24578} = {02F5A740-425D-4D96-A663-F80004D24578}
		{DD54594B-63F7-4465-8514-F0FFD795D113} = {DD54594B-63F7-4465-8514-F0FFD795D113}
	EndProjectSection
EndProject
Project("{EAF909A5-FA59-4C3D-9431-0FCC20D5BCF9}") = "makeIR", "makeIR\makeIR.icproj", "{8852792E-C839-4FCA-A75E-5D8DAD09A577}"
	ProjectSection(ProjectDependencies) = postProject
		{DD54594B-63F7-4465-8514-F0FFD795D113} = {DD54594B-63F7-4465-8514-F0FFD795D113}
	EndProjectSection
EndProject
Project("{54435603-DBB4-11D2-8724-00A0C9A8B90C}") = "Setup", "Setup\Setup.vdproj", "{C3F001FC-9E84-4A91-ADFF-DD5C82B8B8A8}"
	ProjectSection(ProjectDependencies) = postProject
		{C3EDA35D-7BA3-4B6F-A699-667B2F7993CE} = {C3EDA35D-7BA3-4B6F-A699-667B2F7993CE}
		{2CDCCB55-D6AC-47A9-BE1C-F2DED881C377} = {2CDCCB55-D6AC-47A9-BE1C-F2DED881C377}
		{3C5F8803-A606-456C-A786-DB3E82696203} = {3C5F8803-A606-456C-A786-DB3E82696203}
		{CD3D2C95-3738-4F1B-97E0-BA2F7FE9C08C} = {CD3D2C95-3738-4F1B-97E0-BA2F7FE9C08C}
		{167B6B66-EB9F-48C4-8B30-D23E12AE485D} = {167B6B66-EB9F-48C4-8B30-D23E12AE485D}
		{AD487201-9DDE-4D2D-8F54-1D6068BFD46D} = {AD487201-9DDE-4D2D-8F54-1D6068BFD46D}
		{8852792E-C839-4FCA-A75E-5D8DAD09A577} = {8852792E-C839-4FCA-A75E-5D8DAD09A577}
		{DD54594B-63F7-4465-8514-F0FFD795D113} = {DD54594B-63F7-4465-8514-F0FFD795D113}
		{5690C71F-6669-47C7-A2CA-5DC60EC2673E} = {5690C71F-6669-47C7-A2CA-5DC60EC2673E}
	EndProjectSection
EndProject
Project("{EAF909A5-FA59-4C3D-9431-0FCC20D5BCF9}") = "cmul", "cmul\cmul.icproj", "{DD54594B-63F7-4465-8514-F0FFD795D113}"
	ProjectSection(ProjectDependencies) = postProject
	EndProjectSection
EndProject
Project("{EAF909A5-FA59-4C3D-9431-0FCC20D5BCF9}") = "libsndfile", "libsndfile\libsndfile.icproj", "{02F5A740-425D-4D96-A663-F80004D24578}"
	ProjectSection(ProjectDependencies) = postProject
	EndProjectSection
EndProject
Project("{EAF909A5-FA59-4C3D-9431-0FCC20D5BCF9}") = "ConvolverWrapper", "..\..\DScaler5\Filters\Processing\ConvolverWrapper\ConvolverWrapper.icproj", "{3F0B6D65-8219-45A4-84AE-94C20185F3BC}"
	ProjectSection(ProjectDependencies) = postProject
		{3C5F8803-A606-456C-A786-DB3E82696203} = {3C5F8803-A606-456C-A786-DB3E82696203}
		{02F5A740-425D-4D96-A663-F80004D24578} = {02F5A740-425D-4D96-A663-F80004D24578}
		{167B6B66-EB9F-48C4-8B30-D23E12AE485D} = {167B6B66-EB9F-48C4-8B30-D23E12AE485D}
		{DD54594B-63F7-4465-8514-F0FFD795D113} = {DD54594B-63F7-4465-8514-F0FFD795D113}
	EndProjectSection
EndProject
Project("{EAF909A5-FA59-4C3D-9431-0FCC20D5BCF9}") = "Filter_Lib", "..\..\DScaler5\Filters\Filter_Lib\Filter_Lib.icproj", "{167B6B66-EB9F-48C4-8B30-D23E12AE485D}"
	ProjectSection(ProjectDependencies) = postProject
	EndProjectSection
EndProject
Project("{EAF909A5-FA59-4C3D-9431-0FCC20D5BCF9}") = "GenDMOProp", "..\..\DScaler5\GenDMOProp\GenDMOProp.icproj", "{3C5F8803-A606-456C-A786-DB3E82696203}"
	ProjectSection(ProjectDependencies) = postProject
	EndProjectSection
EndProject
Project("{EAF909A5-FA59-4C3D-9431-0FCC20D5BCF9}") = "ConvolverFilter", "convolverFilter\convolverFilter.icproj", "{B2AEC2B0-2191-4347-A21F-C41A91F7BCC0}"
	ProjectSection(ProjectDependencies) = postProject
		{02F5A740-425D-4D96-A663-F80004D24578} = {02F5A740-425D-4D96-A663-F80004D24578}
		{DD54594B-63F7-4465-8514-F0FFD795D113} = {DD54594B-63F7-4465-8514-F0FFD795D113}
	EndProjectSection
EndProject
Global
	GlobalSection(SolutionConfiguration) = preSolution
		Debug = Debug
		Release = Release
		Description = Convolution
	EndGlobalSection
	GlobalSection(ProjectConfiguration) = postSolution
		{AD487201-9DDE-4D2D-8F54-1D6068BFD46D}.Debug.ActiveCfg = Debug|Win32
		{AD487201-9DDE-4D2D-8F54-1D6068BFD46D}.Debug.Build.0 = Debug|Win32
		{AD487201-9DDE-4D2D-8F54-1D6068BFD46D}.Release.ActiveCfg = Release|Win32
		{AD487201-9DDE-4D2D-8F54-1D6068BFD46D}.Release.Build.0 = Release|Win32
		{CD3D2C95-3738-4F1B-97E0-BA2F7FE9C08C}.Debug.ActiveCfg = Debug|Win32
		{CD3D2C95-3738-4F1B-97E0-BA2F7FE9C08C}.Debug.Build.0 = Debug|Win32
		{CD3D2C95-3738-4F1B-97E0-BA2F7FE9C08C}.Release.ActiveCfg = Release|Win32
		{CD3D2C95-3738-4F1B-97E0-BA2F7FE9C08C}.Release.Build.0 = Release|Win32
		{2CDCCB55-D6AC-47A9-BE1C-F2DED881C377}.Debug.ActiveCfg = Debug|Win32
		{2CDCCB55-D6AC-47A9-BE1C-F2DED881C377}.Debug.Build.0 = Debug|Win32
		{2CDCCB55-D6AC-47A9-BE1C-F2DED881C377}.Release.ActiveCfg = Release|Win32
		{2CDCCB55-D6AC-47A9-BE1C-F2DED881C377}.Release.Build.0 = Release|Win32
		{5690C71F-6669-47C7-A2CA-5DC60EC2673E}.Debug.ActiveCfg = Debug|Win32
		{5690C71F-6669-47C7-A2CA-5DC60EC2673E}.Debug.Build.0 = Debug|Win32
		{5690C71F-6669-47C7-A2CA-5DC60EC2673E}.Release.ActiveCfg = Release|Win32
		{5690C71F-6669-47C7-A2CA-5DC60EC2673E}.Release.Build.0 = Release|Win32
		{C3EDA35D-7BA3-4B6F-A699-667B2F7993CE}.Debug.ActiveCfg = Debug|Win32
		{C3EDA35D-7BA3-4B6F-A699-667B2F7993CE}.Debug.Build.0 = Debug|Win32
		{C3EDA35D-7BA3-4B6F-A699-667B2F7993CE}.Release.ActiveCfg = Release|Win32
		{C3EDA35D-7BA3-4B6F-A699-667B2F7993CE}.Release.Build.0 = Release|Win32
		{8852792E-C839-4FCA-A75E-5D8DAD09A577}.Debug.ActiveCfg = Debug|Win32
		{8852792E-C839-4FCA-A75E-5D8DAD09A577}.Debug.Build.0 = Debug|Win32
		{8852792E-C839-4FCA-A75E-5D8DAD09A577}.Release.ActiveCfg = Release|Win32
		{8852792E-C839-4FCA-A75E-5D8DAD09A577}.Release.Build.0 = Release|Win32
		{C3F001FC-9E84-4A91-ADFF-DD5C82B8B8A8}.Debug.ActiveCfg = Debug
		{C3F001FC-9E84-4A91-ADFF-DD5C82B8B8A8}.Debug.Build.0 = Debug
		{C3F001FC-9E84-4A91-ADFF-DD5C82B8B8A8}.Release.ActiveCfg = Release
		{C3F001FC-9E84-4A91-ADFF-DD5C82B8B8A8}.Release.Build.0 = Release
		{DD54594B-63F7-4465-8514-F0FFD795D113}.Debug.ActiveCfg = Debug|Win32
		{DD54594B-63F7-4465-8514-F0FFD795D113}.Debug.Build.0 = Debug|Win32
		{DD54594B-63F7-4465-8514-F0FFD795D113}.Release.ActiveCfg = Release|Win32
		{DD54594B-63F7-4465-8514-F0FFD795D113}.Release.Build.0 = Release|Win32
		{02F5A740-425D-4D96-A663-F80004D24578}.Debug.ActiveCfg = Debug|Win32
		{02F5A740-425D-4D96-A663-F80004D24578}.Debug.Build.0 = Debug|Win32
		{02F5A740-425D-4D96-A663-F80004D24578}.Release.ActiveCfg = Release|Win32
		{02F5A740-425D-4D96-A663-F80004D24578}.Release.Build.0 = Release|Win32
		{3F0B6D65-8219-45A4-84AE-94C20185F3BC}.Debug.ActiveCfg = Debug|Win32
		{3F0B6D65-8219-45A4-84AE-94C20185F3BC}.Debug.Build.0 = Debug|Win32
		{3F0B6D65-8219-45A4-84AE-94C20185F3BC}.Release.ActiveCfg = Release|Win32
		{3F0B6D65-8219-45A4-84AE-94C20185F3BC}.Release.Build.0 = Release|Win32
		{167B6B66-EB9F-48C4-8B30-D23E12AE485D}.Debug.ActiveCfg = Debug|Win32
		{167B6B66-EB9F-48C4-8B30-D23E12AE485D}.Debug.Build.0 = Debug|Win32
		{167B6B66-EB9F-48C4-8B30-D23E12AE485D}.Release.ActiveCfg = Release|Win32
		{167B6B66-EB9F-48C4-8B30-D23E12AE485D}.Release.Build.0 = Release|Win32
		{3C5F8803-A606-456C-A786-DB3E82696203}.Debug.ActiveCfg = Debug|Win32
		{3C5F8803-A606-456C-A786-DB3E82696203}.Debug.Build.0 = Debug|Win32
		{3C5F8803-A606-456C-A786-DB3E82696203}.Release.ActiveCfg = Release|Win32
		{3C5F8803-A606-456C-A786-DB3E82696203}.Release.Build.0 = Release|Win32
		{B2AEC2B0-2191-4347-A21F-C41A91F7BCC0}.Debug.ActiveCfg = Debug|Win32
		{B2AEC2B0-2191-4347-A21F-C41A91F7BCC0}.Debug.Build.0 = Debug|Win32
		{B2AEC2B0-2191-4347-A21F-C41A91F7BCC0}.Release.ActiveCfg = Release|Win32
		{B2AEC2B0-2191-4347-A21F-C41A91F7BCC0}.Release.Build.0 = Release|Win32
		{9382F6C1-126D-46A8-B0F5-4BBD0E08602F}.Release.Build.0 = Release|Win32
		{9382F6C1-126D-46A8-B0F5-4BBD0E08602F}.Release.ActiveCfg = Release|Win32
		{9382F6C1-126D-46A8-B0F5-4BBD0E08602F}.Debug.Build.0 = Debug|Win32
		{9382F6C1-126D-46A8-B0F5-4BBD0E08602F}.Debug.ActiveCfg = Debug|Win32
		{27FA09AC-9D9D-4474-BB9A-5F2C8E0D1860}.Release.Build.0 = Release|Win32
		{27FA09AC-9D9D-4474-BB9A-5F2C8E0D1860}.Release.ActiveCfg = Release|Win32
		{27FA09AC-9D9D-4474-BB9A-5F2C8E0D1860}.Debug.Build.0 = Debug|Win32
		{27FA09AC-9D9D-4474-BB9A-5F2C8E0D1860}.Debug.ActiveCfg = Debug|Win32
		{514A2F25-7B25-4B3E-BA0E-D16F92C367AB}.Release.Build.0 = Release|Win32
		{514A2F25-7B25-4B3E-BA0E-D16F92C367AB}.Release.ActiveCfg = Release|Win32
		{514A2F25-7B25-4B3E-BA0E-D16F92C367AB}.Debug.Build.0 = Debug|Win32
		{514A2F25-7B25-4B3E-BA0E-D16F92C367AB}.Debug.ActiveCfg = Debug|Win32
		{96DC6ADC-8C9C-459E-B54D-5D0BA731EF13}.Release.Build.0 = Release|Win32
		{96DC6ADC-8C9C-459E-B54D-5D0BA731EF13}.Release.ActiveCfg = Release|Win32
		{96DC6ADC-8C9C-459E-B54D-5D0BA731EF13}.Debug.Build.0 = Debug|Win32
		{96DC6ADC-8C9C-459E-B54D-5D0BA731EF13}.Debug.ActiveCfg = Debug|Win32
		{94A0FD16-A5D1-40B4-91DD-78C2F2301552}.Release.Build.0 = Release|Win32
		{94A0FD16-A5D1-40B4-91DD-78C2F2301552}.Release.ActiveCfg = Release|Win32
		{94A0FD16-A5D1-40B4-91DD-78C2F2301552}.Debug.Build.0 = Debug|Win32
		{94A0FD16-A5D1-40B4-91DD-78C2F2301552}.Debug.ActiveCfg = Debug|Win32
		{1FE9F7C3-187F-43FD-BE37-2A7018BBE315}.Release.Build.0 = Release|Win32
		{1FE9F7C3-187F-43FD-BE37-2A7018BBE315}.Release.ActiveCfg = Release|Win32
		{1FE9F7C3-187F-43FD-BE37-2A7018BBE315}.Debug.Build.0 = Debug|Win32
		{1FE9F7C3-187F-43FD-BE37-2A7018BBE315}.Debug.ActiveCfg = Debug|Win32
		{C7F502CA-8C1A-4AE7-9CCA-976C096D4DE0}.Release.Build.0 = Release|Win32
		{C7F502CA-8C1A-4AE7-9CCA-976C096D4DE0}.Release.ActiveCfg = Release|Win32
		{C7F502CA-8C1A-4AE7-9CCA-976C096D4DE0}.Debug.Build.0 = Debug|Win32
		{C7F502CA-8C1A-4AE7-9CCA-976C096D4DE0}.Debug.ActiveCfg = Debug|Win32
		{F74DDA88-5683-459B-B0B5-F77EAEE8AEE8}.Release.Build.0 = Release|Win32
		{F74DDA88-5683-459B-B0B5-F77EAEE8AEE8}.Release.ActiveCfg = Release|Win32
		{F74DDA88-5683-459B-B0B5-F77EAEE8AEE8}.Debug.Build.0 = Debug|Win32
		{F74DDA88-5683-459B-B0B5-F77EAEE8AEE8}.Debug.ActiveCfg = Debug|Win32
		{440079A8-8E9D-42EE-92F5-11F5281466EC}.Release.Build.0 = Release|Win32
		{440079A8-8E9D-42EE-92F5-11F5281466EC}.Release.ActiveCfg = Release|Win32
		{440079A8-8E9D-42EE-92F5-11F5281466EC}.Debug.Build.0 = Debug|Win32
		{440079A8-8E9D-42EE-92F5-11F5281466EC}.Debug.ActiveCfg = Debug|Win32
		{706382C1-D48F-4BFC-9C40-21BCFE0B3DEB}.Release.Build.0 = Release|Win32
		{706382C1-D48F-4BFC-9C40-21BCFE0B3DEB}.Release.ActiveCfg = Release|Win32
		{706382C1-D48F-4BFC-9C40-21BCFE0B3DEB}.Debug.Build.0 = Debug|Win32
		{706382C1-D48F-4BFC-9C40-21BCFE0B3DEB}.Debug.ActiveCfg = Debug|Win32
		{4510F548-39D4-4E1B-98D7-637126447CB7}.Release.Build.0 = Release|Win32
		{4510F548-39D4-4E1B-98D7-637126447CB7}.Release.ActiveCfg = Release|Win32
		{4510F548-39D4-4E1B-98D7-637126447CB7}.Debug.Build.0 = Debug|Win32
		{4510F548-39D4-4E1B-98D7-637126447CB7}.Debug.ActiveCfg = Debug|Win32
		{90C47E62-931C-411D-9F16-0B877E34B415}.Release.Build.0 = Release|Win32
		{90C47E62-931C-411D-9F16-0B877E34B415}.Release.ActiveCfg = Release|Win32
		{90C47E62-931C-411D-9F16-0B877E34B415}.Debug.Build.0 = Debug|Win32
		{90C47E62-931C-411D-9F16-0B877E34B415}.Debug.ActiveCfg = Debug|Win32
	EndGlobalSection
	GlobalSection(ExtensibilityGlobals) = postSolution
	EndGlobalSection
	GlobalSection(ExtensibilityAddIns) = postSolution
	EndGlobalSection
EndGlobal
