Microsoft Visual Studio Solution File, Format Version 8.00
Project("{8BC9CEB8-8B4A-11D0-8D11-00A0C91BC942}") = "generate_dirac_delta", "generate_test_IRs\generate_test_IRs.vcproj", "{9382F6C1-126D-46A8-B0F5-4BBD0E08602F}"
	ProjectSection(ProjectDependencies) = postProject
	EndProjectSection
EndProject
Project("{8BC9CEB8-8B4A-11D0-8D11-00A0C91BC942}") = "comparewavs", "comparewavs\comparewavs.vcproj", "{27FA09AC-9D9D-4474-BB9A-5F2C8E0D1860}"
	ProjectSection(ProjectDependencies) = postProject
	EndProjectSection
EndProject
Project("{8BC9CEB8-8B4A-11D0-8D11-00A0C91BC942}") = "convolverWMP", "convolverWMP\convolverWMP.vcproj", "{514A2F25-7B25-4B3E-BA0E-D16F92C367AB}"
	ProjectSection(ProjectDependencies) = postProject
		{F74DDA88-5683-459B-B0B5-F77EAEE8AEE8} = {F74DDA88-5683-459B-B0B5-F77EAEE8AEE8}
		{C7F502CA-8C1A-4AE7-9CCA-976C096D4DE0} = {C7F502CA-8C1A-4AE7-9CCA-976C096D4DE0}
	EndProjectSection
EndProject
Project("{8BC9CEB8-8B4A-11D0-8D11-00A0C91BC942}") = "convolverCMD", "convolverCMD\convolverCMD.vcproj", "{96DC6ADC-8C9C-459E-B54D-5D0BA731EF13}"
	ProjectSection(ProjectDependencies) = postProject
		{F74DDA88-5683-459B-B0B5-F77EAEE8AEE8} = {F74DDA88-5683-459B-B0B5-F77EAEE8AEE8}
		{C7F502CA-8C1A-4AE7-9CCA-976C096D4DE0} = {C7F502CA-8C1A-4AE7-9CCA-976C096D4DE0}
	EndProjectSection
EndProject
Project("{8BC9CEB8-8B4A-11D0-8D11-00A0C91BC942}") = "perftest", "perftest\perftest.vcproj", "{94A0FD16-A5D1-40B4-91DD-78C2F2301552}"
	ProjectSection(ProjectDependencies) = postProject
		{F74DDA88-5683-459B-B0B5-F77EAEE8AEE8} = {F74DDA88-5683-459B-B0B5-F77EAEE8AEE8}
		{C7F502CA-8C1A-4AE7-9CCA-976C096D4DE0} = {C7F502CA-8C1A-4AE7-9CCA-976C096D4DE0}
	EndProjectSection
EndProject
Project("{8BC9CEB8-8B4A-11D0-8D11-00A0C91BC942}") = "makeIR", "makeIR\makeIR.vcproj", "{1FE9F7C3-187F-43FD-BE37-2A7018BBE315}"
	ProjectSection(ProjectDependencies) = postProject
		{C7F502CA-8C1A-4AE7-9CCA-976C096D4DE0} = {C7F502CA-8C1A-4AE7-9CCA-976C096D4DE0}
	EndProjectSection
EndProject
Project("{54435603-DBB4-11D2-8724-00A0C9A8B90C}") = "Setup", "Setup\Setup.vdproj", "{C3F001FC-9E84-4A91-ADFF-DD5C82B8B8A8}"
	ProjectSection(ProjectDependencies) = postProject
		{9382F6C1-126D-46A8-B0F5-4BBD0E08602F} = {9382F6C1-126D-46A8-B0F5-4BBD0E08602F}
		{4510F548-39D4-4E1B-98D7-637126447CB7} = {4510F548-39D4-4E1B-98D7-637126447CB7}
		{96DC6ADC-8C9C-459E-B54D-5D0BA731EF13} = {96DC6ADC-8C9C-459E-B54D-5D0BA731EF13}
		{1FE9F7C3-187F-43FD-BE37-2A7018BBE315} = {1FE9F7C3-187F-43FD-BE37-2A7018BBE315}
		{F74DDA88-5683-459B-B0B5-F77EAEE8AEE8} = {F74DDA88-5683-459B-B0B5-F77EAEE8AEE8}
		{C7F502CA-8C1A-4AE7-9CCA-976C096D4DE0} = {C7F502CA-8C1A-4AE7-9CCA-976C096D4DE0}
		{514A2F25-7B25-4B3E-BA0E-D16F92C367AB} = {514A2F25-7B25-4B3E-BA0E-D16F92C367AB}
		{94A0FD16-A5D1-40B4-91DD-78C2F2301552} = {94A0FD16-A5D1-40B4-91DD-78C2F2301552}
		{706382C1-D48F-4BFC-9C40-21BCFE0B3DEB} = {706382C1-D48F-4BFC-9C40-21BCFE0B3DEB}
		{27FA09AC-9D9D-4474-BB9A-5F2C8E0D1860} = {27FA09AC-9D9D-4474-BB9A-5F2C8E0D1860}
		{90C47E62-931C-411D-9F16-0B877E34B415} = {90C47E62-931C-411D-9F16-0B877E34B415}
	EndProjectSection
EndProject
Project("{8BC9CEB8-8B4A-11D0-8D11-00A0C91BC942}") = "cmul", "cmul\cmul.vcproj", "{C7F502CA-8C1A-4AE7-9CCA-976C096D4DE0}"
	ProjectSection(ProjectDependencies) = postProject
	EndProjectSection
EndProject
Project("{8BC9CEB8-8B4A-11D0-8D11-00A0C91BC942}") = "libsndfile", "libsndfile\libsndfile.vcproj", "{F74DDA88-5683-459B-B0B5-F77EAEE8AEE8}"
	ProjectSection(ProjectDependencies) = postProject
	EndProjectSection
EndProject
Project("{8BC9CEB8-8B4A-11D0-8D11-00A0C91BC942}") = "ConvolverWrapper", "..\..\DScaler5\Filters\Processing\ConvolverWrapper\ConvolverWrapper.vcproj", "{440079A8-8E9D-42EE-92F5-11F5281466EC}"
	ProjectSection(ProjectDependencies) = postProject
		{4510F548-39D4-4E1B-98D7-637126447CB7} = {4510F548-39D4-4E1B-98D7-637126447CB7}
		{F74DDA88-5683-459B-B0B5-F77EAEE8AEE8} = {F74DDA88-5683-459B-B0B5-F77EAEE8AEE8}
		{C7F502CA-8C1A-4AE7-9CCA-976C096D4DE0} = {C7F502CA-8C1A-4AE7-9CCA-976C096D4DE0}
		{514A2F25-7B25-4B3E-BA0E-D16F92C367AB} = {514A2F25-7B25-4B3E-BA0E-D16F92C367AB}
		{706382C1-D48F-4BFC-9C40-21BCFE0B3DEB} = {706382C1-D48F-4BFC-9C40-21BCFE0B3DEB}
	EndProjectSection
EndProject
Project("{8BC9CEB8-8B4A-11D0-8D11-00A0C91BC942}") = "Filter_Lib", "..\..\DScaler5\Filters\Filter_Lib\Filter_Lib.vcproj", "{706382C1-D48F-4BFC-9C40-21BCFE0B3DEB}"
	ProjectSection(ProjectDependencies) = postProject
	EndProjectSection
EndProject
Project("{8BC9CEB8-8B4A-11D0-8D11-00A0C91BC942}") = "GenDMOProp", "..\..\DScaler5\GenDMOProp\GenDMOProp.vcproj", "{4510F548-39D4-4E1B-98D7-637126447CB7}"
	ProjectSection(ProjectDependencies) = postProject
	EndProjectSection
EndProject
Project("{8BC9CEB8-8B4A-11D0-8D11-00A0C91BC942}") = "ConvolverFilter", "convolverFilter\convolverFilter.vcproj", "{90C47E62-931C-411D-9F16-0B877E34B415}"
	ProjectSection(ProjectDependencies) = postProject
		{F74DDA88-5683-459B-B0B5-F77EAEE8AEE8} = {F74DDA88-5683-459B-B0B5-F77EAEE8AEE8}
		{C7F502CA-8C1A-4AE7-9CCA-976C096D4DE0} = {C7F502CA-8C1A-4AE7-9CCA-976C096D4DE0}
	EndProjectSection
EndProject
Global
	GlobalSection(SolutionConfiguration) = preSolution
		Debug = Debug
		Release = Release
		Release PIII = Release PIII
		Description = Convolution
	EndGlobalSection
	GlobalSection(ProjectConfiguration) = postSolution
		{9382F6C1-126D-46A8-B0F5-4BBD0E08602F}.Debug.ActiveCfg = Debug|Win32
		{9382F6C1-126D-46A8-B0F5-4BBD0E08602F}.Debug.Build.0 = Debug|Win32
		{9382F6C1-126D-46A8-B0F5-4BBD0E08602F}.Release.ActiveCfg = Release|Win32
		{9382F6C1-126D-46A8-B0F5-4BBD0E08602F}.Release.Build.0 = Release|Win32
		{9382F6C1-126D-46A8-B0F5-4BBD0E08602F}.Release PIII.ActiveCfg = Release PIII|Win32
		{9382F6C1-126D-46A8-B0F5-4BBD0E08602F}.Release PIII.Build.0 = Release PIII|Win32
		{27FA09AC-9D9D-4474-BB9A-5F2C8E0D1860}.Debug.ActiveCfg = Debug|Win32
		{27FA09AC-9D9D-4474-BB9A-5F2C8E0D1860}.Debug.Build.0 = Debug|Win32
		{27FA09AC-9D9D-4474-BB9A-5F2C8E0D1860}.Release.ActiveCfg = Release|Win32
		{27FA09AC-9D9D-4474-BB9A-5F2C8E0D1860}.Release.Build.0 = Release|Win32
		{27FA09AC-9D9D-4474-BB9A-5F2C8E0D1860}.Release PIII.ActiveCfg = Release PIII|Win32
		{27FA09AC-9D9D-4474-BB9A-5F2C8E0D1860}.Release PIII.Build.0 = Release PIII|Win32
		{514A2F25-7B25-4B3E-BA0E-D16F92C367AB}.Debug.ActiveCfg = Debug|Win32
		{514A2F25-7B25-4B3E-BA0E-D16F92C367AB}.Debug.Build.0 = Debug|Win32
		{514A2F25-7B25-4B3E-BA0E-D16F92C367AB}.Release.ActiveCfg = Release|Win32
		{514A2F25-7B25-4B3E-BA0E-D16F92C367AB}.Release.Build.0 = Release|Win32
		{514A2F25-7B25-4B3E-BA0E-D16F92C367AB}.Release PIII.ActiveCfg = Release PIII|Win32
		{514A2F25-7B25-4B3E-BA0E-D16F92C367AB}.Release PIII.Build.0 = Release PIII|Win32
		{96DC6ADC-8C9C-459E-B54D-5D0BA731EF13}.Debug.ActiveCfg = Debug|Win32
		{96DC6ADC-8C9C-459E-B54D-5D0BA731EF13}.Debug.Build.0 = Debug|Win32
		{96DC6ADC-8C9C-459E-B54D-5D0BA731EF13}.Release.ActiveCfg = Release|Win32
		{96DC6ADC-8C9C-459E-B54D-5D0BA731EF13}.Release.Build.0 = Release|Win32
		{96DC6ADC-8C9C-459E-B54D-5D0BA731EF13}.Release PIII.ActiveCfg = Release PIII|Win32
		{96DC6ADC-8C9C-459E-B54D-5D0BA731EF13}.Release PIII.Build.0 = Release PIII|Win32
		{94A0FD16-A5D1-40B4-91DD-78C2F2301552}.Debug.ActiveCfg = Debug|Win32
		{94A0FD16-A5D1-40B4-91DD-78C2F2301552}.Debug.Build.0 = Debug|Win32
		{94A0FD16-A5D1-40B4-91DD-78C2F2301552}.Release.ActiveCfg = Release|Win32
		{94A0FD16-A5D1-40B4-91DD-78C2F2301552}.Release.Build.0 = Release|Win32
		{94A0FD16-A5D1-40B4-91DD-78C2F2301552}.Release PIII.ActiveCfg = Release PIII|Win32
		{94A0FD16-A5D1-40B4-91DD-78C2F2301552}.Release PIII.Build.0 = Release PIII|Win32
		{1FE9F7C3-187F-43FD-BE37-2A7018BBE315}.Debug.ActiveCfg = Debug|Win32
		{1FE9F7C3-187F-43FD-BE37-2A7018BBE315}.Debug.Build.0 = Debug|Win32
		{1FE9F7C3-187F-43FD-BE37-2A7018BBE315}.Release.ActiveCfg = Release|Win32
		{1FE9F7C3-187F-43FD-BE37-2A7018BBE315}.Release.Build.0 = Release|Win32
		{1FE9F7C3-187F-43FD-BE37-2A7018BBE315}.Release PIII.ActiveCfg = Release PIII|Win32
		{1FE9F7C3-187F-43FD-BE37-2A7018BBE315}.Release PIII.Build.0 = Release PIII|Win32
		{C3F001FC-9E84-4A91-ADFF-DD5C82B8B8A8}.Debug.ActiveCfg = Debug
		{C3F001FC-9E84-4A91-ADFF-DD5C82B8B8A8}.Debug.Build.0 = Debug
		{C3F001FC-9E84-4A91-ADFF-DD5C82B8B8A8}.Release.ActiveCfg = Release
		{C3F001FC-9E84-4A91-ADFF-DD5C82B8B8A8}.Release.Build.0 = Release
		{C3F001FC-9E84-4A91-ADFF-DD5C82B8B8A8}.Release PIII.ActiveCfg = Release PIII
		{C3F001FC-9E84-4A91-ADFF-DD5C82B8B8A8}.Release PIII.Build.0 = Release PIII
		{C7F502CA-8C1A-4AE7-9CCA-976C096D4DE0}.Debug.ActiveCfg = Debug|Win32
		{C7F502CA-8C1A-4AE7-9CCA-976C096D4DE0}.Debug.Build.0 = Debug|Win32
		{C7F502CA-8C1A-4AE7-9CCA-976C096D4DE0}.Release.ActiveCfg = Release|Win32
		{C7F502CA-8C1A-4AE7-9CCA-976C096D4DE0}.Release.Build.0 = Release|Win32
		{C7F502CA-8C1A-4AE7-9CCA-976C096D4DE0}.Release PIII.ActiveCfg = Release PIII|Win32
		{C7F502CA-8C1A-4AE7-9CCA-976C096D4DE0}.Release PIII.Build.0 = Release PIII|Win32
		{F74DDA88-5683-459B-B0B5-F77EAEE8AEE8}.Debug.ActiveCfg = Debug|Win32
		{F74DDA88-5683-459B-B0B5-F77EAEE8AEE8}.Debug.Build.0 = Debug|Win32
		{F74DDA88-5683-459B-B0B5-F77EAEE8AEE8}.Release.ActiveCfg = Release|Win32
		{F74DDA88-5683-459B-B0B5-F77EAEE8AEE8}.Release.Build.0 = Release|Win32
		{F74DDA88-5683-459B-B0B5-F77EAEE8AEE8}.Release PIII.ActiveCfg = Release PIII|Win32
		{F74DDA88-5683-459B-B0B5-F77EAEE8AEE8}.Release PIII.Build.0 = Release PIII|Win32
		{440079A8-8E9D-42EE-92F5-11F5281466EC}.Debug.ActiveCfg = Debug|Win32
		{440079A8-8E9D-42EE-92F5-11F5281466EC}.Debug.Build.0 = Debug|Win32
		{440079A8-8E9D-42EE-92F5-11F5281466EC}.Release.ActiveCfg = Release|Win32
		{440079A8-8E9D-42EE-92F5-11F5281466EC}.Release.Build.0 = Release|Win32
		{440079A8-8E9D-42EE-92F5-11F5281466EC}.Release PIII.ActiveCfg = Release PIII|Win32
		{440079A8-8E9D-42EE-92F5-11F5281466EC}.Release PIII.Build.0 = Release PIII|Win32
		{706382C1-D48F-4BFC-9C40-21BCFE0B3DEB}.Debug.ActiveCfg = Debug|Win32
		{706382C1-D48F-4BFC-9C40-21BCFE0B3DEB}.Debug.Build.0 = Debug|Win32
		{706382C1-D48F-4BFC-9C40-21BCFE0B3DEB}.Release.ActiveCfg = Release|Win32
		{706382C1-D48F-4BFC-9C40-21BCFE0B3DEB}.Release.Build.0 = Release|Win32
		{706382C1-D48F-4BFC-9C40-21BCFE0B3DEB}.Release PIII.ActiveCfg = Release PIII|Win32
		{706382C1-D48F-4BFC-9C40-21BCFE0B3DEB}.Release PIII.Build.0 = Release PIII|Win32
		{4510F548-39D4-4E1B-98D7-637126447CB7}.Debug.ActiveCfg = Debug|Win32
		{4510F548-39D4-4E1B-98D7-637126447CB7}.Debug.Build.0 = Debug|Win32
		{4510F548-39D4-4E1B-98D7-637126447CB7}.Release.ActiveCfg = Release|Win32
		{4510F548-39D4-4E1B-98D7-637126447CB7}.Release.Build.0 = Release|Win32
		{4510F548-39D4-4E1B-98D7-637126447CB7}.Release PIII.ActiveCfg = Release PIII|Win32
		{4510F548-39D4-4E1B-98D7-637126447CB7}.Release PIII.Build.0 = Release PIII|Win32
		{90C47E62-931C-411D-9F16-0B877E34B415}.Debug.ActiveCfg = Debug|Win32
		{90C47E62-931C-411D-9F16-0B877E34B415}.Debug.Build.0 = Debug|Win32
		{90C47E62-931C-411D-9F16-0B877E34B415}.Release.ActiveCfg = Release|Win32
		{90C47E62-931C-411D-9F16-0B877E34B415}.Release.Build.0 = Release|Win32
		{90C47E62-931C-411D-9F16-0B877E34B415}.Release PIII.ActiveCfg = Release PIII|Win32
		{90C47E62-931C-411D-9F16-0B877E34B415}.Release PIII.Build.0 = Release PIII|Win32
	EndGlobalSection
	GlobalSection(ExtensibilityGlobals) = postSolution
	EndGlobalSection
	GlobalSection(ExtensibilityAddIns) = postSolution
	EndGlobalSection
EndGlobal
